
Microsoft Visual Studio Solution File, Format Version 12.00
# Visual Studio Version 16
VisualStudioVersion = 16.0.31613.86
MinimumVisualStudioVersion = 10.0.40219.1
Project("{FAE04EC0-301F-11D3-BF4B-00C04F79EFBC}") = "AccountService", "AccountService\AccountService.csproj", "{BF6F56A9-9604-40A9-97D0-AE918525A69C}"
EndProject
Global
	GlobalSection(SolutionConfigurationPlatforms) = preSolution
		Debug|Any CPU = Debug|Any CPU
		Release|Any CPU = Release|Any CPU
	EndGlobalSection
	GlobalSection(ProjectConfigurationPlatforms) = postSolution
		{BF6F56A9-9604-40A9-97D0-AE918525A69C}.Debug|Any CPU.ActiveCfg = Debug|Any CPU
		{BF6F56A9-9604-40A9-97D0-AE918525A69C}.Debug|Any CPU.Build.0 = Debug|Any CPU
		{BF6F56A9-9604-40A9-97D0-AE918525A69C}.Release|Any CPU.ActiveCfg = Release|Any CPU
		{BF6F56A9-9604-40A9-97D0-AE918525A69C}.Release|Any CPU.Build.0 = Release|Any CPU
	EndGlobalSection
	GlobalSection(SolutionProperties) = preSolution
		HideSolutionNode = FALSE
	EndGlobalSection
	GlobalSection(ExtensibilityGlobals) = postSolution
		SolutionGuid = {A7DEAAD6-85CD-42EC-906A-68E71474A04D}
	EndGlobalSection
EndGlobal
